
Microsoft Visual Studio Solution File, Format Version 12.00
# Visual Studio Version 17
VisualStudioVersion = 17.11.35312.102
MinimumVisualStudioVersion = 10.0.40219.1
Project("{FAE04EC0-301F-11D3-BF4B-00C04F79EFBC}") = "vizsgapelda", "vizsgapelda\vizsgapelda.csproj", "{035E311E-6045-445F-A366-E0CD1E948E1A}"
EndProject
Global
	GlobalSection(SolutionConfigurationPlatforms) = preSolution
		Debug|Any CPU = Debug|Any CPU
		Release|Any CPU = Release|Any CPU
	EndGlobalSection
	GlobalSection(ProjectConfigurationPlatforms) = postSolution
		{035E311E-6045-445F-A366-E0CD1E948E1A}.Debug|Any CPU.ActiveCfg = Debug|Any CPU
		{035E311E-6045-445F-A366-E0CD1E948E1A}.Debug|Any CPU.Build.0 = Debug|Any CPU
		{035E311E-6045-445F-A366-E0CD1E948E1A}.Release|Any CPU.ActiveCfg = Release|Any CPU
		{035E311E-6045-445F-A366-E0CD1E948E1A}.Release|Any CPU.Build.0 = Release|Any CPU
	EndGlobalSection
	GlobalSection(SolutionProperties) = preSolution
		HideSolutionNode = FALSE
	EndGlobalSection
	GlobalSection(ExtensibilityGlobals) = postSolution
		SolutionGuid = {90B850E1-3652-4004-BFE9-A6A9495C81E5}
	EndGlobalSection
EndGlobal
